
Microsoft Visual Studio Solution File, Format Version 11.00
# Visual Studio 2010
Project("{E24C65DC-7377-472B-9ABA-BC803B73C61A}") = "XinDianChengJiMIs", ".", "{5321F304-6FFD-4B9A-A2B4-614EFE7C66A1}"
	ProjectSection(WebsiteProperties) = preProject
		TargetFrameworkMoniker = ".NETFramework,Version%3Dv2.0"
		Debug.AspNetCompiler.VirtualPath = "/XinDianChengJiMIs"
		Debug.AspNetCompiler.PhysicalPath = "..\XinDianChengJiMIs\"
		Debug.AspNetCompiler.TargetPath = "PrecompiledWeb\XinDianChengJiMIs\"
		Debug.AspNetCompiler.Updateable = "true"
		Debug.AspNetCompiler.ForceOverwrite = "true"
		Debug.AspNetCompiler.FixedNames = "false"
		Debug.AspNetCompiler.Debug = "True"
		Release.AspNetCompiler.VirtualPath = "/XinDianChengJiMIs"
		Release.AspNetCompiler.PhysicalPath = "..\XinDianChengJiMIs\"
		Release.AspNetCompiler.TargetPath = "PrecompiledWeb\XinDianChengJiMIs\"
		Release.AspNetCompiler.Updateable = "true"
		Release.AspNetCompiler.ForceOverwrite = "true"
		Release.AspNetCompiler.FixedNames = "false"
		Release.AspNetCompiler.Debug = "False"
		VWDPort = "59713"
		DefaultWebSiteLanguage = "Visual C#"
	EndProjectSection
EndProject
Global
	GlobalSection(SolutionConfigurationPlatforms) = preSolution
		Debug|.NET = Debug|.NET
	EndGlobalSection
	GlobalSection(ProjectConfigurationPlatforms) = postSolution
		{5321F304-6FFD-4B9A-A2B4-614EFE7C66A1}.Debug|.NET.ActiveCfg = Debug|.NET
		{5321F304-6FFD-4B9A-A2B4-614EFE7C66A1}.Debug|.NET.Build.0 = Debug|.NET
	EndGlobalSection
	GlobalSection(SolutionProperties) = preSolution
		HideSolutionNode = FALSE
	EndGlobalSection
EndGlobal
